<Solution>
  <Project Path="SaintsField.Editor.csproj" />
  <Project Path="VS-Controller.csproj" />
  <Project Path="SaintsField.Runtime.csproj" />
  <Project Path="SaintsField.Editor.ScriptableRenderer.csproj" />
  <Project Path="SaintsField.Editor.Drawer.SaintsEventBaseTypeDrawer.csproj" />
  <Project Path="Assembly-CSharp.csproj" />
  <Project Path="SaintsField.Editor.AiNavigation.csproj" />
  <Project Path="SaintsField.Runtime.Events.csproj" />
  <Project Path="SaintsField.Editor.Drawers.Mathematics.csproj" />
  <Project Path="SaintsField.Runtime.TypeReference.csproj" />
  <Project Path="SaintsField.Runtime.ScriptableRenderer.csproj" />
  <Project Path="Assembly-CSharp-Editor.csproj" />
</Solution>
